
Microsoft Visual Studio Solution File, Format Version 12.00
# Visual Studio Version 17
VisualStudioVersion = 17.9.34723.18
MinimumVisualStudioVersion = 10.0.40219.1
Project("{FAE04EC0-301F-11D3-BF4B-00C04F79EFBC}") = "KeyStoneEmployee_Log_And_RegistationForm", "KeyStoneEmployee_Log_And_RegistationForm\KeyStoneEmployee_Log_And_RegistationForm.csproj", "{D392A36B-2970-4A26-ABF2-29E2977EC652}"
EndProject
Project("{FAE04EC0-301F-11D3-BF4B-00C04F79EFBC}") = "KeyStoneEmployee_Log_And_RegistationForm_BusinessObject", "KeyStoneEmployee_Log_And_RegistationForm_BusinessObject\KeyStoneEmployee_Log_And_RegistationForm_BusinessObject.csproj", "{4096D7B8-DAC3-4D1A-A6E2-878765121028}"
EndProject
Project("{FAE04EC0-301F-11D3-BF4B-00C04F79EFBC}") = "KeyStoneEmployee_Log_And_RegistationForm_DataBaseLogic", "KeyStoneEmployee_Log_And_RegistationForm_DataBaseLogic\KeyStoneEmployee_Log_And_RegistationForm_DataBaseLogic.csproj", "{97E99764-7D4F-467C-917B-5C047D6FC9C0}"
EndProject
Project("{FAE04EC0-301F-11D3-BF4B-00C04F79EFBC}") = "KeyStoneEmployee_Log_And_RegistationForm_RepositaryLayer", "KeyStoneEmployee_Log_And_RegistationForm_RepositaryLayer\KeyStoneEmployee_Log_And_RegistationForm_RepositaryLayer.csproj", "{D56C6316-5AF6-4CE2-9641-E8A9A7927EB9}"
EndProject
Project("{FAE04EC0-301F-11D3-BF4B-00C04F79EFBC}") = "KeyStoneEmployee_Log_And_RegistationForm_ServiceLayer", "KeyStoneEmployee_Log_And_RegistationForm_ServiceLayer\KeyStoneEmployee_Log_And_RegistationForm_ServiceLayer.csproj", "{91538844-D72A-4AB1-B479-1D1292D71B82}"
EndProject
Global
	GlobalSection(SolutionConfigurationPlatforms) = preSolution
		Debug|Any CPU = Debug|Any CPU
		Release|Any CPU = Release|Any CPU
	EndGlobalSection
	GlobalSection(ProjectConfigurationPlatforms) = postSolution
		{D392A36B-2970-4A26-ABF2-29E2977EC652}.Debug|Any CPU.ActiveCfg = Debug|Any CPU
		{D392A36B-2970-4A26-ABF2-29E2977EC652}.Debug|Any CPU.Build.0 = Debug|Any CPU
		{D392A36B-2970-4A26-ABF2-29E2977EC652}.Release|Any CPU.ActiveCfg = Release|Any CPU
		{D392A36B-2970-4A26-ABF2-29E2977EC652}.Release|Any CPU.Build.0 = Release|Any CPU
		{4096D7B8-DAC3-4D1A-A6E2-878765121028}.Debug|Any CPU.ActiveCfg = Debug|Any CPU
		{4096D7B8-DAC3-4D1A-A6E2-878765121028}.Debug|Any CPU.Build.0 = Debug|Any CPU
		{4096D7B8-DAC3-4D1A-A6E2-878765121028}.Release|Any CPU.ActiveCfg = Release|Any CPU
		{4096D7B8-DAC3-4D1A-A6E2-878765121028}.Release|Any CPU.Build.0 = Release|Any CPU
		{97E99764-7D4F-467C-917B-5C047D6FC9C0}.Debug|Any CPU.ActiveCfg = Debug|Any CPU
		{97E99764-7D4F-467C-917B-5C047D6FC9C0}.Debug|Any CPU.Build.0 = Debug|Any CPU
		{97E99764-7D4F-467C-917B-5C047D6FC9C0}.Release|Any CPU.ActiveCfg = Release|Any CPU
		{97E99764-7D4F-467C-917B-5C047D6FC9C0}.Release|Any CPU.Build.0 = Release|Any CPU
		{D56C6316-5AF6-4CE2-9641-E8A9A7927EB9}.Debug|Any CPU.ActiveCfg = Debug|Any CPU
		{D56C6316-5AF6-4CE2-9641-E8A9A7927EB9}.Debug|Any CPU.Build.0 = Debug|Any CPU
		{D56C6316-5AF6-4CE2-9641-E8A9A7927EB9}.Release|Any CPU.ActiveCfg = Release|Any CPU
		{D56C6316-5AF6-4CE2-9641-E8A9A7927EB9}.Release|Any CPU.Build.0 = Release|Any CPU
		{91538844-D72A-4AB1-B479-1D1292D71B82}.Debug|Any CPU.ActiveCfg = Debug|Any CPU
		{91538844-D72A-4AB1-B479-1D1292D71B82}.Debug|Any CPU.Build.0 = Debug|Any CPU
		{91538844-D72A-4AB1-B479-1D1292D71B82}.Release|Any CPU.ActiveCfg = Release|Any CPU
		{91538844-D72A-4AB1-B479-1D1292D71B82}.Release|Any CPU.Build.0 = Release|Any CPU
	EndGlobalSection
	GlobalSection(SolutionProperties) = preSolution
		HideSolutionNode = FALSE
	EndGlobalSection
	GlobalSection(ExtensibilityGlobals) = postSolution
		SolutionGuid = {20BD28EE-D070-4EA7-B8FB-67941320177D}
	EndGlobalSection
EndGlobal
